
Microsoft Visual Studio Solution File, Format Version 12.00
# Visual Studio 15
VisualStudioVersion = 15.0.27428.2043
MinimumVisualStudioVersion = 10.0.40219.1
Project("{8BC9CEB8-8B4A-11D0-8D11-00A0C91BC942}") = "FirmwareParser", "src\FirmwareParser.vcxproj", "{0007D1B2-33EA-4F48-A8F9-1915E02A9C9D}"
EndProject
Project("{8BC9CEB8-8B4A-11D0-8D11-00A0C91BC942}") = "FirmwareParser.Test", "test\FirmwareParser.Test.vcxproj", "{8944003D-7280-4067-809F-322918B35373}"
EndProject
Global
	GlobalSection(SolutionConfigurationPlatforms) = preSolution
		Debug|x64 = Debug|x64
		Debug|x86 = Debug|x86
		Release|x64 = Release|x64
		Release|x86 = Release|x86
	EndGlobalSection
	GlobalSection(ProjectConfigurationPlatforms) = postSolution
		{0007D1B2-33EA-4F48-A8F9-1915E02A9C9D}.Debug|x64.ActiveCfg = Debug|x64
		{0007D1B2-33EA-4F48-A8F9-1915E02A9C9D}.Debug|x64.Build.0 = Debug|x64
		{0007D1B2-33EA-4F48-A8F9-1915E02A9C9D}.Debug|x86.ActiveCfg = Debug|Win32
		{0007D1B2-33EA-4F48-A8F9-1915E02A9C9D}.Debug|x86.Build.0 = Debug|Win32
		{0007D1B2-33EA-4F48-A8F9-1915E02A9C9D}.Release|x64.ActiveCfg = Release|x64
		{0007D1B2-33EA-4F48-A8F9-1915E02A9C9D}.Release|x64.Build.0 = Release|x64
		{0007D1B2-33EA-4F48-A8F9-1915E02A9C9D}.Release|x86.ActiveCfg = Release|Win32
		{0007D1B2-33EA-4F48-A8F9-1915E02A9C9D}.Release|x86.Build.0 = Release|Win32
		{8944003D-7280-4067-809F-322918B35373}.Debug|x64.ActiveCfg = Debug|x64
		{8944003D-7280-4067-809F-322918B35373}.Debug|x64.Build.0 = Debug|x64
		{8944003D-7280-4067-809F-322918B35373}.Debug|x86.ActiveCfg = Debug|Win32
		{8944003D-7280-4067-809F-322918B35373}.Debug|x86.Build.0 = Debug|Win32
		{8944003D-7280-4067-809F-322918B35373}.Release|x64.ActiveCfg = Release|x64
		{8944003D-7280-4067-809F-322918B35373}.Release|x64.Build.0 = Release|x64
		{8944003D-7280-4067-809F-322918B35373}.Release|x86.ActiveCfg = Release|Win32
		{8944003D-7280-4067-809F-322918B35373}.Release|x86.Build.0 = Release|Win32
	EndGlobalSection
	GlobalSection(SolutionProperties) = preSolution
		HideSolutionNode = FALSE
	EndGlobalSection
	GlobalSection(ExtensibilityGlobals) = postSolution
		SolutionGuid = {7D815DD1-BDDD-40A8-A327-1EB8FD1C81C3}
	EndGlobalSection
EndGlobal
