<?xml version="1.0" encoding="utf-8"?>
<Project ToolsVersion="4.0" xmlns="http://schemas.microsoft.com/developer/msbuild/2003">
  <ItemGroup>
    <ClCompile Include="converter.cpp" />
    <ClCompile Include="hex_data.cpp" />
    <ClCompile Include="IntelHexFile.cpp" />
    <ClCompile Include="IntelHexFileEntry.cpp" />
  </ItemGroup>
  <ItemGroup>
    <ClInclude Include="converter.h" />
    <ClInclude Include="hex_data.h" />
    <ClInclude Include="IntelHexFile.h" />
    <ClInclude Include="IntelHexFileEntry.h" />
  </ItemGroup>
</Project>